
Microsoft Visual Studio Solution File, Format Version 12.00
# Visual Studio Version 17
VisualStudioVersion = 17.5.33627.172
MinimumVisualStudioVersion = 10.0.40219.1
Project("{FAE04EC0-301F-11D3-BF4B-00C04F79EFBC}") = "Day8_Regex_PracticeProblems", "Day8_Regex_PracticeProblems\Day8_Regex_PracticeProblems.csproj", "{32BD722D-5E0E-4B5F-8DD5-55DDE4ED58FD}"
EndProject
Global
	GlobalSection(SolutionConfigurationPlatforms) = preSolution
		Debug|Any CPU = Debug|Any CPU
		Release|Any CPU = Release|Any CPU
	EndGlobalSection
	GlobalSection(ProjectConfigurationPlatforms) = postSolution
		{32BD722D-5E0E-4B5F-8DD5-55DDE4ED58FD}.Debug|Any CPU.ActiveCfg = Debug|Any CPU
		{32BD722D-5E0E-4B5F-8DD5-55DDE4ED58FD}.Debug|Any CPU.Build.0 = Debug|Any CPU
		{32BD722D-5E0E-4B5F-8DD5-55DDE4ED58FD}.Release|Any CPU.ActiveCfg = Release|Any CPU
		{32BD722D-5E0E-4B5F-8DD5-55DDE4ED58FD}.Release|Any CPU.Build.0 = Release|Any CPU
	EndGlobalSection
	GlobalSection(SolutionProperties) = preSolution
		HideSolutionNode = FALSE
	EndGlobalSection
	GlobalSection(ExtensibilityGlobals) = postSolution
		SolutionGuid = {8E1532B4-669B-41AE-9A80-D84F62522E12}
	EndGlobalSection
EndGlobal
